
Microsoft Visual Studio Solution File, Format Version 12.00
# Visual Studio Version 16
VisualStudioVersion = 16.0.30406.217
MinimumVisualStudioVersion = 10.0.40219.1
Project("{9A19103F-16F7-4668-BE54-9A1E7A4F7556}") = "HouseSale", "HouseSale\HouseSale.csproj", "{104E860E-B1B6-4323-B878-8B4E0FDC19B4}"
EndProject
Project("{FAE04EC0-301F-11D3-BF4B-00C04F79EFBC}") = "HouseBLL", "BLL\HouseBLL.csproj", "{2C16444D-FE16-4DDD-B6EA-DFBBE81A6FB5}"
EndProject
Project("{FAE04EC0-301F-11D3-BF4B-00C04F79EFBC}") = "HouseModel", "HouseModel\HouseModel.csproj", "{E47D5F5C-2AF3-45E6-AD43-C3A6F45926AD}"
EndProject
Project("{FAE04EC0-301F-11D3-BF4B-00C04F79EFBC}") = "HouseDAL", "HouseDAL\HouseDAL.csproj", "{F64DF110-5331-43E9-832E-E436C1ED5876}"
EndProject
Global
	GlobalSection(SolutionConfigurationPlatforms) = preSolution
		Debug|Any CPU = Debug|Any CPU
		Release|Any CPU = Release|Any CPU
	EndGlobalSection
	GlobalSection(ProjectConfigurationPlatforms) = postSolution
		{104E860E-B1B6-4323-B878-8B4E0FDC19B4}.Debug|Any CPU.ActiveCfg = Debug|Any CPU
		{104E860E-B1B6-4323-B878-8B4E0FDC19B4}.Debug|Any CPU.Build.0 = Debug|Any CPU
		{104E860E-B1B6-4323-B878-8B4E0FDC19B4}.Release|Any CPU.ActiveCfg = Release|Any CPU
		{104E860E-B1B6-4323-B878-8B4E0FDC19B4}.Release|Any CPU.Build.0 = Release|Any CPU
		{2C16444D-FE16-4DDD-B6EA-DFBBE81A6FB5}.Debug|Any CPU.ActiveCfg = Debug|Any CPU
		{2C16444D-FE16-4DDD-B6EA-DFBBE81A6FB5}.Debug|Any CPU.Build.0 = Debug|Any CPU
		{2C16444D-FE16-4DDD-B6EA-DFBBE81A6FB5}.Release|Any CPU.ActiveCfg = Release|Any CPU
		{2C16444D-FE16-4DDD-B6EA-DFBBE81A6FB5}.Release|Any CPU.Build.0 = Release|Any CPU
		{E47D5F5C-2AF3-45E6-AD43-C3A6F45926AD}.Debug|Any CPU.ActiveCfg = Debug|Any CPU
		{E47D5F5C-2AF3-45E6-AD43-C3A6F45926AD}.Debug|Any CPU.Build.0 = Debug|Any CPU
		{E47D5F5C-2AF3-45E6-AD43-C3A6F45926AD}.Release|Any CPU.ActiveCfg = Release|Any CPU
		{E47D5F5C-2AF3-45E6-AD43-C3A6F45926AD}.Release|Any CPU.Build.0 = Release|Any CPU
		{F64DF110-5331-43E9-832E-E436C1ED5876}.Debug|Any CPU.ActiveCfg = Debug|Any CPU
		{F64DF110-5331-43E9-832E-E436C1ED5876}.Debug|Any CPU.Build.0 = Debug|Any CPU
		{F64DF110-5331-43E9-832E-E436C1ED5876}.Release|Any CPU.ActiveCfg = Release|Any CPU
		{F64DF110-5331-43E9-832E-E436C1ED5876}.Release|Any CPU.Build.0 = Release|Any CPU
	EndGlobalSection
	GlobalSection(SolutionProperties) = preSolution
		HideSolutionNode = FALSE
	EndGlobalSection
	GlobalSection(ExtensibilityGlobals) = postSolution
		SolutionGuid = {D91F2B91-6C6F-4571-87DF-45AFB7A98C62}
	EndGlobalSection
EndGlobal
